
Microsoft Visual Studio Solution File, Format Version 12.00
# Visual Studio Version 16
VisualStudioVersion = 16.0.30320.27
MinimumVisualStudioVersion = 10.0.40219.1
Project("{9A19103F-16F7-4668-BE54-9A1E7A4F7556}") = "TicTacToe", "TicTacToe\TicTacToe.csproj", "{B8199DAD-0BBE-43EE-B9BF-0B16C4FD2910}"
EndProject
Global
	GlobalSection(SolutionConfigurationPlatforms) = preSolution
		Debug|Any CPU = Debug|Any CPU
		Release|Any CPU = Release|Any CPU
	EndGlobalSection
	GlobalSection(ProjectConfigurationPlatforms) = postSolution
		{B8199DAD-0BBE-43EE-B9BF-0B16C4FD2910}.Debug|Any CPU.ActiveCfg = Debug|Any CPU
		{B8199DAD-0BBE-43EE-B9BF-0B16C4FD2910}.Debug|Any CPU.Build.0 = Debug|Any CPU
		{B8199DAD-0BBE-43EE-B9BF-0B16C4FD2910}.Release|Any CPU.ActiveCfg = Release|Any CPU
		{B8199DAD-0BBE-43EE-B9BF-0B16C4FD2910}.Release|Any CPU.Build.0 = Release|Any CPU
	EndGlobalSection
	GlobalSection(SolutionProperties) = preSolution
		HideSolutionNode = FALSE
	EndGlobalSection
	GlobalSection(ExtensibilityGlobals) = postSolution
		SolutionGuid = {97609C09-A415-41FF-BB36-3445EDA7D356}
	EndGlobalSection
EndGlobal
